<Solution>
  <Folder Name="/src/" />
  <Folder Name="/src/gateway/">
    <Project Path="src/gateway/ApiGateway/ApiGateway.csproj" />
  </Folder>
  <Folder Name="/src/services/">
    <Project Path="src/services/Artist.Service/Artist.Service.csproj" />
    <Project Path="src/services/Auth.Service/Auth.Service.csproj" />
    <Project Path="src/services/Catalog.Service/Catalog.Service.csproj" />
  </Folder>
  <Folder Name="/src/shared/">
    <Project Path="src/shared/Contracts/Contracts.csproj" />
  </Folder>
</Solution>
