<Solution>
  <Folder Name="/src/" />
  <Folder Name="/src/gateway/">
    <Project Path="src/gateway/ApiGateway/ApiGateway.csproj" />
  </Folder>
  <Folder Name="/src/services/">
    <Project Path="src/services/Catalog.Service/Catalog.Service.csproj" />
    <Project Path="src\services\Artists.Service\Artists.Service.csproj" />
    <Project Path="src/services/Scraper.Service/Scraper.Service.csproj" />
  </Folder>
  <Folder Name="/src/shared/">
    <Project Path="src/shared/Contracts/Contracts.csproj" />
  </Folder>
</Solution>
